{
  "name": "mgzm_forward",
  "lockfileVersion": 3,
  "requires": true,
  "packages": {
    "": {
      "dependencies": {
        "thorui-uni": "^2.9.5"
      }
    },
    "node_modules/thorui-uni": {
      "version": "2.9.5",
      "resolved": "https://registry.npmjs.org/thorui-uni/-/thorui-uni-2.9.5.tgz",
      "integrity": "sha512-zwXo83euamk8VL7QV5IhwEXkcob2FFHu8eoUpuQfJ7MzwtF0tFpGNrR5+dtuP8DzcFa8kmEMhKQK3x5IUDrFEw=="
    }
  }
}
